{
    "name": "nodejs-mobile-sample-project",
    "version": "0.0.1",
    "lockfileVersion": 1,
    "requires": true,
    "dependencies": {
        "modbusjs": {
            "version": "0.0.11",
            "resolved": "https://registry.npmjs.org/modbusjs/-/modbusjs-0.0.11.tgz",
            "integrity": "sha1-fd2fLsWNXIpKpIzLwCGrMI9/GjM="
        }
    }
}
